lockfileVersion: 5.4

specifiers:
  next: latest
  react: 18.2.0
  react-dom: 18.2.0

dependencies:
  next: registry.npmmirror.com/next/13.0.4_biqbaboplfbrettd7655fr4n2y
  react: registry.npmmirror.com/react/18.2.0
  react-dom: registry.npmmirror.com/react-dom/18.2.0_react@18.2.0

packages:

  registry.npmmirror.com/@next/env/13.0.4:
    resolution: {integrity: sha512-N5Z3bdxBzoxrC5bwykDFITzdWuwDteOdZ+7nxixY+I1XpRX8/iQYbw2wuXMdqdfBGm2NNUpAqg8YF2e4oAC2UQ==, registry: https://registry.npm.taobao.org/, tarball: https://registry.npmmirror.com/@next/env/-/env-13.0.4.tgz}
    name: '@next/env'
    version: 13.0.4
    dev: false

  registry.npmmirror.com/@next/swc-android-arm-eabi/13.0.4:
    resolution: {integrity: sha512-SD9H+/zuV3L0oHIhsDdFkDqFtg6pIHtqRUPlsrNdOsmWXgMlSzxBmwt2ta4kyrazS62BQu7XRUG++ZyODS7AWg==, registry: https://registry.npm.taobao.org/, tarball: https://registry.npmmirror.com/@next/swc-android-arm-eabi/-/swc-android-arm-eabi-13.0.4.tgz}
    name: '@next/swc-android-arm-eabi'
    version: 13.0.4
    engines: {node: '>= 10'}
    cpu: [arm]
    os: [android]
    requiresBuild: true
    dev: false
    optional: true

  registry.npmmirror.com/@next/swc-android-arm64/13.0.4:
    resolution: {integrity: sha512-F8W5WcBbdn/zBoy32/mQiefs9DNsT12CTSSVCsO8GvQR7GjJU+uduQ4drKcSDoDLuAFULc2jDN06Circq4vuQg==, registry: https://registry.npm.taobao.org/, tarball: https://registry.npmmirror.com/@next/swc-android-arm64/-/swc-android-arm64-13.0.4.tgz}
    name: '@next/swc-android-arm64'
    version: 13.0.4
    engines: {node: '>= 10'}
    cpu: [arm64]
    os: [android]
    requiresBuild: true
    dev: false
    optional: true

  registry.npmmirror.com/@next/swc-darwin-arm64/13.0.4:
    resolution: {integrity: sha512-/lajev+9GSie+rRTl5z8skW9RJwZ+TwMKLzzM24TbDk8lUjqPTyJZ/cU0NDj8J7VQAZ6EehACSh9rcJeBRtLuA==, registry: https://registry.npm.taobao.org/, tarball: https://registry.npmmirror.com/@next/swc-darwin-arm64/-/swc-darwin-arm64-13.0.4.tgz}
    name: '@next/swc-darwin-arm64'
    version: 13.0.4
    engines: {node: '>= 10'}
    cpu: [arm64]
    os: [darwin]
    requiresBuild: true
    dev: false
    optional: true

  registry.npmmirror.com/@next/swc-darwin-x64/13.0.4:
    resolution: {integrity: sha512-HK4b2rFiju8d40GTL/jH9U6OQ7BYA2MeEHs7Dm7Rp7kwQtLzP3z6osdQS8er20tIFHDE4b+oVBy03ZUQkHf0Pg==, registry: https://registry.npm.taobao.org/, tarball: https://registry.npmmirror.com/@next/swc-darwin-x64/-/swc-darwin-x64-13.0.4.tgz}
    name: '@next/swc-darwin-x64'
    version: 13.0.4
    engines: {node: '>= 10'}
    cpu: [x64]
    os: [darwin]
    requiresBuild: true
    dev: false
    optional: true

  registry.npmmirror.com/@next/swc-freebsd-x64/13.0.4:
    resolution: {integrity: sha512-xBvIGLaGzZtgJfRRJ2DBN82DQCJ/O7jkXyBp8X/vHefPWyVXVqF6C68Rv8ADp11thPpf8WpjkvDDLb9AuWHQUA==, registry: https://registry.npm.taobao.org/, tarball: https://registry.npmmirror.com/@next/swc-freebsd-x64/-/swc-freebsd-x64-13.0.4.tgz}
    name: '@next/swc-freebsd-x64'
    version: 13.0.4
    engines: {node: '>= 10'}
    cpu: [x64]
    os: [freebsd]
    requiresBuild: true
    dev: false
    optional: true

  registry.npmmirror.com/@next/swc-linux-arm-gnueabihf/13.0.4:
    resolution: {integrity: sha512-s13pxNp9deKmmxEGTp1MoL1e4nf4wbEymEaHgFxUlhoR1OD9tK8oTNrQphQePJgVjzcWmRGH/dX7O9mVkHbU/g==, registry: https://registry.npm.taobao.org/, tarball: https://registry.npmmirror.com/@next/swc-linux-arm-gnueabihf/-/swc-linux-arm-gnueabihf-13.0.4.tgz}
    name: '@next/swc-linux-arm-gnueabihf'
    version: 13.0.4
    engines: {node: '>= 10'}
    cpu: [arm]
    os: [linux]
    requiresBuild: true
    dev: false
    optional: true

  registry.npmmirror.com/@next/swc-linux-arm64-gnu/13.0.4:
    resolution: {integrity: sha512-Lklo65usNzoYwjX51CpDKOepWVZBdwO49/Jz3djxiYUr2lRtpDVnlfwCvzN+47j3BMVMWtC2ndIi8Q4s3J0v4g==, registry: https://registry.npm.taobao.org/, tarball: https://registry.npmmirror.com/@next/swc-linux-arm64-gnu/-/swc-linux-arm64-gnu-13.0.4.tgz}
    name: '@next/swc-linux-arm64-gnu'
    version: 13.0.4
    engines: {node: '>= 10'}
    cpu: [arm64]
    os: [linux]
    libc: [glibc]
    requiresBuild: true
    dev: false
    optional: true

  registry.npmmirror.com/@next/swc-linux-arm64-musl/13.0.4:
    resolution: {integrity: sha512-+3BXtXBwjVhd5lahDe5nKZ7EwD6hE/oLFQkITCvgxymU5qYHGlLFyF52/lyw8qhyxoCr7mMVsUFhlCzVwCfNjg==, registry: https://registry.npm.taobao.org/, tarball: https://registry.npmmirror.com/@next/swc-linux-arm64-musl/-/swc-linux-arm64-musl-13.0.4.tgz}
    name: '@next/swc-linux-arm64-musl'
    version: 13.0.4
    engines: {node: '>= 10'}
    cpu: [arm64]
    os: [linux]
    libc: [musl]
    requiresBuild: true
    dev: false
    optional: true

  registry.npmmirror.com/@next/swc-linux-x64-gnu/13.0.4:
    resolution: {integrity: sha512-QB8qoZrvHhZsz62nUrTKlp5IiZ8I7KZsaa6437H/W/NOZHLGJjCxROnhUjLvKVe/T5P86pjya2SUOUqWAjz4Pg==, registry: https://registry.npm.taobao.org/, tarball: https://registry.npmmirror.com/@next/swc-linux-x64-gnu/-/swc-linux-x64-gnu-13.0.4.tgz}
    name: '@next/swc-linux-x64-gnu'
    version: 13.0.4
    engines: {node: '>= 10'}
    cpu: [x64]
    os: [linux]
    libc: [glibc]
    requiresBuild: true
    dev: false
    optional: true

  registry.npmmirror.com/@next/swc-linux-x64-musl/13.0.4:
    resolution: {integrity: sha512-WaahF6DYUQRg1QqIMcuOu2ZsFhS3aC5iWeQyeptMHklP9wb4FfTNmBArKHknX/GXD8P9gI38WTAHJ25cc0zVwg==, registry: https://registry.npm.taobao.org/, tarball: https://registry.npmmirror.com/@next/swc-linux-x64-musl/-/swc-linux-x64-musl-13.0.4.tgz}
    name: '@next/swc-linux-x64-musl'
    version: 13.0.4
    engines: {node: '>= 10'}
    cpu: [x64]
    os: [linux]
    libc: [musl]
    requiresBuild: true
    dev: false
    optional: true

  registry.npmmirror.com/@next/swc-win32-arm64-msvc/13.0.4:
    resolution: {integrity: sha512-FD+k1j2jeY0aKcqcpzFKfTsv55PPmIZ5GKDyPjjV5AO6XvQ4nALwWl4JwizjH2426TfLXObb+C3MH0bl9Ok1Kw==, registry: https://registry.npm.taobao.org/, tarball: https://registry.npmmirror.com/@next/swc-win32-arm64-msvc/-/swc-win32-arm64-msvc-13.0.4.tgz}
    name: '@next/swc-win32-arm64-msvc'
    version: 13.0.4
    engines: {node: '>= 10'}
    cpu: [arm64]
    os: [win32]
    requiresBuild: true
    dev: false
    optional: true

  registry.npmmirror.com/@next/swc-win32-ia32-msvc/13.0.4:
    resolution: {integrity: sha512-+Q/Q8Ydvz3X3U84CyZdNv1HC7fE43k+xB8C6b3IFmWGa5Tu2tfskQ2FsUNBrYreZjhFC/894J3rVQ6Vj6Auugg==, registry: https://registry.npm.taobao.org/, tarball: https://registry.npmmirror.com/@next/swc-win32-ia32-msvc/-/swc-win32-ia32-msvc-13.0.4.tgz}
    name: '@next/swc-win32-ia32-msvc'
    version: 13.0.4
    engines: {node: '>= 10'}
    cpu: [ia32]
    os: [win32]
    requiresBuild: true
    dev: false
    optional: true

  registry.npmmirror.com/@next/swc-win32-x64-msvc/13.0.4:
    resolution: {integrity: sha512-vXtbo9N1FdtZZRcv4BliU28tTYrkb1EnVpUiiFFe88I6kS9aZVTMY9Z/OtDR52rl1JF1hgs9sL/59D/TQqSATQ==, registry: https://registry.npm.taobao.org/, tarball: https://registry.npmmirror.com/@next/swc-win32-x64-msvc/-/swc-win32-x64-msvc-13.0.4.tgz}
    name: '@next/swc-win32-x64-msvc'
    version: 13.0.4
    engines: {node: '>= 10'}
    cpu: [x64]
    os: [win32]
    requiresBuild: true
    dev: false
    optional: true

  registry.npmmirror.com/@swc/helpers/0.4.11:
    resolution: {integrity: sha512-rEUrBSGIoSFuYxwBYtlUFMlE2CwGhmW+w9355/5oduSw8e5h2+Tj4UrAGNNgP9915++wj5vkQo0UuOBqOAq4nw==, registry: https://registry.npm.taobao.org/, tarball: https://registry.npmmirror.com/@swc/helpers/-/helpers-0.4.11.tgz}
    name: '@swc/helpers'
    version: 0.4.11
    dependencies:
      tslib: registry.npmmirror.com/tslib/2.4.1
    dev: false

  registry.npmmirror.com/caniuse-lite/1.0.30001431:
    resolution: {integrity: sha512-zBUoFU0ZcxpvSt9IU66dXVT/3ctO1cy4y9cscs1szkPlcWb6pasYM144GqrUygUbT+k7cmUCW61cvskjcv0enQ==, registry: https://registry.npm.taobao.org/, tarball: https://registry.npmmirror.com/caniuse-lite/-/caniuse-lite-1.0.30001431.tgz}
    name: caniuse-lite
    version: 1.0.30001431
    dev: false

  registry.npmmirror.com/client-only/0.0.1:
    resolution: {integrity: sha512-IV3Ou0jSMzZrd3pZ48nLkT9DA7Ag1pnPzaiQhpW7c3RbcqqzvzzVu+L8gfqMp/8IM2MQtSiqaCxrrcfu8I8rMA==, registry: https://registry.npm.taobao.org/, tarball: https://registry.npmmirror.com/client-only/-/client-only-0.0.1.tgz}
    name: client-only
    version: 0.0.1
    dev: false

  registry.npmmirror.com/js-tokens/4.0.0:
    resolution: {integrity: sha512-RdJUflcE3cUzKiMqQgsCu06FPu9UdIJO0beYbPhHN4k6apgJtifcoCtT9bcxOpYBtpD2kCM6Sbzg4CausW/PKQ==, registry: https://registry.npm.taobao.org/, tarball: https://registry.npmmirror.com/js-tokens/-/js-tokens-4.0.0.tgz}
    name: js-tokens
    version: 4.0.0
    dev: false

  registry.npmmirror.com/loose-envify/1.4.0:
    resolution: {integrity: sha512-lyuxPGr/Wfhrlem2CL/UcnUc1zcqKAImBDzukY7Y5F/yQiNdko6+fRLevlw1HgMySw7f611UIY408EtxRSoK3Q==, registry: https://registry.npm.taobao.org/, tarball: https://registry.npmmirror.com/loose-envify/-/loose-envify-1.4.0.tgz}
    name: loose-envify
    version: 1.4.0
    hasBin: true
    dependencies:
      js-tokens: registry.npmmirror.com/js-tokens/4.0.0
    dev: false

  registry.npmmirror.com/nanoid/3.3.4:
    resolution: {integrity: sha512-MqBkQh/OHTS2egovRtLk45wEyNXwF+cokD+1YPf9u5VfJiRdAiRwB2froX5Co9Rh20xs4siNPm8naNotSD6RBw==, registry: https://registry.npm.taobao.org/, tarball: https://registry.npmmirror.com/nanoid/-/nanoid-3.3.4.tgz}
    name: nanoid
    version: 3.3.4
    engines: {node: ^10 || ^12 || ^13.7 || ^14 || >=15.0.1}
    hasBin: true
    dev: false

  registry.npmmirror.com/next/13.0.4_biqbaboplfbrettd7655fr4n2y:
    resolution: {integrity: sha512-4P0MvbjPCI1E/UPL1GrTXtYlgFnbBbY3JQ+AMY8jYE2SwyvCWctEJySoRjveznAHjrl6TIjuAJeB8u1c2StYUQ==, registry: https://registry.npm.taobao.org/, tarball: https://registry.npmmirror.com/next/-/next-13.0.4.tgz}
    id: registry.npmmirror.com/next/13.0.4
    name: next
    version: 13.0.4
    engines: {node: '>=14.6.0'}
    hasBin: true
    peerDependencies:
      fibers: '>= 3.1.0'
      node-sass: ^6.0.0 || ^7.0.0
      react: ^18.2.0
      react-dom: ^18.2.0
      sass: ^1.3.0
    peerDependenciesMeta:
      fibers:
        optional: true
      node-sass:
        optional: true
      sass:
        optional: true
    dependencies:
      '@next/env': registry.npmmirror.com/@next/env/13.0.4
      '@swc/helpers': registry.npmmirror.com/@swc/helpers/0.4.11
      caniuse-lite: registry.npmmirror.com/caniuse-lite/1.0.30001431
      postcss: registry.npmmirror.com/postcss/8.4.14
      react: registry.npmmirror.com/react/18.2.0
      react-dom: registry.npmmirror.com/react-dom/18.2.0_react@18.2.0
      styled-jsx: registry.npmmirror.com/styled-jsx/5.1.0_react@18.2.0
      use-sync-external-store: registry.npmmirror.com/use-sync-external-store/1.2.0_react@18.2.0
    optionalDependencies:
      '@next/swc-android-arm-eabi': registry.npmmirror.com/@next/swc-android-arm-eabi/13.0.4
      '@next/swc-android-arm64': registry.npmmirror.com/@next/swc-android-arm64/13.0.4
      '@next/swc-darwin-arm64': registry.npmmirror.com/@next/swc-darwin-arm64/13.0.4
      '@next/swc-darwin-x64': registry.npmmirror.com/@next/swc-darwin-x64/13.0.4
      '@next/swc-freebsd-x64': registry.npmmirror.com/@next/swc-freebsd-x64/13.0.4
      '@next/swc-linux-arm-gnueabihf': registry.npmmirror.com/@next/swc-linux-arm-gnueabihf/13.0.4
      '@next/swc-linux-arm64-gnu': registry.npmmirror.com/@next/swc-linux-arm64-gnu/13.0.4
      '@next/swc-linux-arm64-musl': registry.npmmirror.com/@next/swc-linux-arm64-musl/13.0.4
      '@next/swc-linux-x64-gnu': registry.npmmirror.com/@next/swc-linux-x64-gnu/13.0.4
      '@next/swc-linux-x64-musl': registry.npmmirror.com/@next/swc-linux-x64-musl/13.0.4
      '@next/swc-win32-arm64-msvc': registry.npmmirror.com/@next/swc-win32-arm64-msvc/13.0.4
      '@next/swc-win32-ia32-msvc': registry.npmmirror.com/@next/swc-win32-ia32-msvc/13.0.4
      '@next/swc-win32-x64-msvc': registry.npmmirror.com/@next/swc-win32-x64-msvc/13.0.4
    transitivePeerDependencies:
      - '@babel/core'
      - babel-plugin-macros
    dev: false

  registry.npmmirror.com/picocolors/1.0.0:
    resolution: {integrity: sha512-1fygroTLlHu66zi26VoTDv8yRgm0Fccecssto+MhsZ0D/DGW2sm8E8AjW7NU5VVTRt5GxbeZ5qBuJr+HyLYkjQ==, registry: https://registry.npm.taobao.org/, tarball: https://registry.npmmirror.com/picocolors/-/picocolors-1.0.0.tgz}
    name: picocolors
    version: 1.0.0
    dev: false

  registry.npmmirror.com/postcss/8.4.14:
    resolution: {integrity: sha512-E398TUmfAYFPBSdzgeieK2Y1+1cpdxJx8yXbK/m57nRhKSmk1GB2tO4lbLBtlkfPQTDKfe4Xqv1ASWPpayPEig==, registry: https://registry.npm.taobao.org/, tarball: https://registry.npmmirror.com/postcss/-/postcss-8.4.14.tgz}
    name: postcss
    version: 8.4.14
    engines: {node: ^10 || ^12 || >=14}
    dependencies:
      nanoid: registry.npmmirror.com/nanoid/3.3.4
      picocolors: registry.npmmirror.com/picocolors/1.0.0
      source-map-js: registry.npmmirror.com/source-map-js/1.0.2
    dev: false

  registry.npmmirror.com/react-dom/18.2.0_react@18.2.0:
    resolution: {integrity: sha512-6IMTriUmvsjHUjNtEDudZfuDQUoWXVxKHhlEGSk81n4YFS+r/Kl99wXiwlVXtPBtJenozv2P+hxDsw9eA7Xo6g==, registry: https://registry.npm.taobao.org/, tarball: https://registry.npmmirror.com/react-dom/-/react-dom-18.2.0.tgz}
    id: registry.npmmirror.com/react-dom/18.2.0
    name: react-dom
    version: 18.2.0
    peerDependencies:
      react: ^18.2.0
    dependencies:
      loose-envify: registry.npmmirror.com/loose-envify/1.4.0
      react: registry.npmmirror.com/react/18.2.0
      scheduler: registry.npmmirror.com/scheduler/0.23.0
    dev: false

  registry.npmmirror.com/react/18.2.0:
    resolution: {integrity: sha512-/3IjMdb2L9QbBdWiW5e3P2/npwMBaU9mHCSCUzNln0ZCYbcfTsGbTJrU/kGemdH2IWmB2ioZ+zkxtmq6g09fGQ==, registry: https://registry.npm.taobao.org/, tarball: https://registry.npmmirror.com/react/-/react-18.2.0.tgz}
    name: react
    version: 18.2.0
    engines: {node: '>=0.10.0'}
    dependencies:
      loose-envify: registry.npmmirror.com/loose-envify/1.4.0
    dev: false

  registry.npmmirror.com/scheduler/0.23.0:
    resolution: {integrity: sha512-CtuThmgHNg7zIZWAXi3AsyIzA3n4xx7aNyjwC2VJldO2LMVDhFK+63xGqq6CsJH4rTAt6/M+N4GhZiDYPx9eUw==, registry: https://registry.npm.taobao.org/, tarball: https://registry.npmmirror.com/scheduler/-/scheduler-0.23.0.tgz}
    name: scheduler
    version: 0.23.0
    dependencies:
      loose-envify: registry.npmmirror.com/loose-envify/1.4.0
    dev: false

  registry.npmmirror.com/source-map-js/1.0.2:
    resolution: {integrity: sha512-R0XvVJ9WusLiqTCEiGCmICCMplcCkIwwR11mOSD9CR5u+IXYdiseeEuXCVAjS54zqwkLcPNnmU4OeJ6tUrWhDw==, registry: https://registry.npm.taobao.org/, tarball: https://registry.npmmirror.com/source-map-js/-/source-map-js-1.0.2.tgz}
    name: source-map-js
    version: 1.0.2
    engines: {node: '>=0.10.0'}
    dev: false

  registry.npmmirror.com/styled-jsx/5.1.0_react@18.2.0:
    resolution: {integrity: sha512-/iHaRJt9U7T+5tp6TRelLnqBqiaIT0HsO0+vgyj8hK2KUk7aejFqRrumqPUlAqDwAj8IbS/1hk3IhBAAK/FCUQ==, registry: https://registry.npm.taobao.org/, tarball: https://registry.npmmirror.com/styled-jsx/-/styled-jsx-5.1.0.tgz}
    id: registry.npmmirror.com/styled-jsx/5.1.0
    name: styled-jsx
    version: 5.1.0
    engines: {node: '>= 12.0.0'}
    peerDependencies:
      '@babel/core': '*'
      babel-plugin-macros: '*'
      react: '>= 16.8.0 || 17.x.x || ^18.0.0-0'
    peerDependenciesMeta:
      '@babel/core':
        optional: true
      babel-plugin-macros:
        optional: true
    dependencies:
      client-only: registry.npmmirror.com/client-only/0.0.1
      react: registry.npmmirror.com/react/18.2.0
    dev: false

  registry.npmmirror.com/tslib/2.4.1:
    resolution: {integrity: sha512-tGyy4dAjRIEwI7BzsB0lynWgOpfqjUdq91XXAlIWD2OwKBH7oCl/GZG/HT4BOHrTlPMOASlMQ7veyTqpmRcrNA==, registry: https://registry.npm.taobao.org/, tarball: https://registry.npmmirror.com/tslib/-/tslib-2.4.1.tgz}
    name: tslib
    version: 2.4.1
    dev: false

  registry.npmmirror.com/use-sync-external-store/1.2.0_react@18.2.0:
    resolution: {integrity: sha512-eEgnFxGQ1Ife9bzYs6VLi8/4X6CObHMw9Qr9tPY43iKwsPw8xE8+EFsf/2cFZ5S3esXgpWgtSCtLNS41F+sKPA==, registry: https://registry.npm.taobao.org/, tarball: https://registry.npmmirror.com/use-sync-external-store/-/use-sync-external-store-1.2.0.tgz}
    id: registry.npmmirror.com/use-sync-external-store/1.2.0
    name: use-sync-external-store
    version: 1.2.0
    peerDependencies:
      react: ^16.8.0 || ^17.0.0 || ^18.0.0
    dependencies:
      react: registry.npmmirror.com/react/18.2.0
    dev: false
